
Microsoft Visual Studio Solution File, Format Version 12.00
# Visual Studio Version 17
VisualStudioVersion = 17.3.32922.545
MinimumVisualStudioVersion = 10.0.40219.1
Project("{9A19103F-16F7-4668-BE54-9A1E7A4F7556}") = "Codeforces996A", "Codeforces996A\Codeforces996A.csproj", "{3EAA540D-B5FA-43B5-B180-4B52B56FCD7C}"
EndProject
Project("{9A19103F-16F7-4668-BE54-9A1E7A4F7556}") = "Codeforces112A", "Codeforces112A\Codeforces112A.csproj", "{77513C25-7054-4314-9CFF-2051B57108B6}"
EndProject
Project("{9A19103F-16F7-4668-BE54-9A1E7A4F7556}") = "Codeforces1154A", "Codeforces1154A\Codeforces1154A.csproj", "{48CD6A91-F7DB-4B20-8479-FA62C9DE5D0F}"
EndProject
Project("{9A19103F-16F7-4668-BE54-9A1E7A4F7556}") = "Codeforces61A", "Codeforces61A\Codeforces61A.csproj", "{0B88CCBE-809B-4237-990A-6A6E96AF46FD}"
EndProject
Project("{9A19103F-16F7-4668-BE54-9A1E7A4F7556}") = "Codeforces41A", "Codeforces41A\Codeforces41A.csproj", "{AC88C044-8DD5-4785-ADEF-80B25F08F2B4}"
EndProject
Project("{9A19103F-16F7-4668-BE54-9A1E7A4F7556}") = "Codeforces43A", "Codeforces43A\Codeforces43A.csproj", "{8403B1E5-6928-4643-9AF5-8DFB7C09F4AC}"
EndProject
Project("{9A19103F-16F7-4668-BE54-9A1E7A4F7556}") = "Codeforces144A", "Codeforces144A\Codeforces144A.csproj", "{37DECA7F-B3B0-4BAE-96E0-3C99B256C9D6}"
EndProject
Project("{9A19103F-16F7-4668-BE54-9A1E7A4F7556}") = "Codeforces405A", "Codeforces405A\Codeforces405A.csproj", "{DC1B2F98-350D-404F-AB1E-1C0EF8E81CC5}"
EndProject
Project("{9A19103F-16F7-4668-BE54-9A1E7A4F7556}") = "Codeforces133A", "Codeforces133A\Codeforces133A.csproj", "{1A83D4DC-27BA-4F1F-A050-25FAF436717A}"
EndProject
Project("{9A19103F-16F7-4668-BE54-9A1E7A4F7556}") = "Codeforces467A", "Codeforces467A\Codeforces467A.csproj", "{DF7C02F0-0B41-4416-999C-EC8F7383F76C}"
EndProject
Project("{9A19103F-16F7-4668-BE54-9A1E7A4F7556}") = "Codeforces734A", "Codeforces734A\Codeforces734A.csproj", "{8DFB0996-C479-4D85-89F4-1B31B27C81E7}"
EndProject
Project("{9A19103F-16F7-4668-BE54-9A1E7A4F7556}") = "Codeforces271A", "Codeforces271A\Codeforces271A.csproj", "{64F6A7C9-242C-49E6-AE8B-66B6F895A382}"
EndProject
Project("{9A19103F-16F7-4668-BE54-9A1E7A4F7556}") = "Codeforces1367A", "Codeforces1367A\Codeforces1367A.csproj", "{5537C33E-A4D8-4C31-A0B7-9CE6A7FE84B2}"
EndProject
Project("{9A19103F-16F7-4668-BE54-9A1E7A4F7556}") = "Codeforces148A", "Codeforces148A\Codeforces148A.csproj", "{E323153B-C9FA-4D43-9CC9-CA0615F1EBDE}"
EndProject
Project("{9A19103F-16F7-4668-BE54-9A1E7A4F7556}") = "Codeforces200B", "Codeforces200B\Codeforces200B.csproj", "{823BFC1A-6C69-4F54-95B1-D3CB9D07886B}"
EndProject
Project("{9A19103F-16F7-4668-BE54-9A1E7A4F7556}") = "Codeforces263A", "Codeforces263A\Codeforces263A.csproj", "{0F8708F1-8254-4D18-9FE4-4872338D8EBE}"
EndProject
Project("{9A19103F-16F7-4668-BE54-9A1E7A4F7556}") = "Codeforces266A", "Codeforces266A\Codeforces266A.csproj", "{2722FA6E-FD00-4209-A37A-6A0661486066}"
EndProject
Project("{9A19103F-16F7-4668-BE54-9A1E7A4F7556}") = "Codeforces472A", "Codeforces472A\Codeforces472A.csproj", "{D46AF29A-BAD2-41CB-9941-A547CEF5E2E7}"
EndProject
Project("{9A19103F-16F7-4668-BE54-9A1E7A4F7556}") = "Codeforces59A", "Codeforces59A\Codeforces59A.csproj", "{FB480E67-2B7A-4411-9F4A-36BAA9422A97}"
EndProject
Project("{9A19103F-16F7-4668-BE54-9A1E7A4F7556}") = "Codeforces791A", "Codeforces791A\Codeforces791A.csproj", "{741753AF-C98C-4237-A611-2E75BBB4ED0A}"
EndProject
Project("{9A19103F-16F7-4668-BE54-9A1E7A4F7556}") = "Codeforces96A", "Codeforces96A\Codeforces96A.csproj", "{CE7ADBA9-13FA-4C7F-BF5B-1E53FC8CD317}"
EndProject
Project("{9A19103F-16F7-4668-BE54-9A1E7A4F7556}") = "Codeforces546A", "Codeforces546A\Codeforces546A.csproj", "{FA2C447B-154C-4000-9615-735A61F2ABE4}"
EndProject
Project("{9A19103F-16F7-4668-BE54-9A1E7A4F7556}") = "Codeforces4A", "Codeforces4A\Codeforces4A.csproj", "{EE7DED9F-5972-4D4D-874F-DFBFC580797B}"
EndProject
Project("{9A19103F-16F7-4668-BE54-9A1E7A4F7556}") = "Codeforces71A", "Codeforces71A\Codeforces71A.csproj", "{31F76BBA-321E-46C2-A483-26D8D2F3B828}"
EndProject
Project("{9A19103F-16F7-4668-BE54-9A1E7A4F7556}") = "Codeforces977A", "Codeforces977A\Codeforces977A.csproj", "{525738AB-D273-4357-AEA6-8D7A2295ECD7}"
EndProject
Project("{9A19103F-16F7-4668-BE54-9A1E7A4F7556}") = "Codeforces110A", "Codeforces110A\Codeforces110A.csproj", "{EEBFB550-FA5C-40E2-A44C-198F07B8875E}"
EndProject
Project("{9A19103F-16F7-4668-BE54-9A1E7A4F7556}") = "Codeforces1030A", "Codeforces1030A\Codeforces1030A.csproj", "{D9228D58-ADE2-40D2-BD19-B0AE616581F8}"
EndProject
Project("{9A19103F-16F7-4668-BE54-9A1E7A4F7556}") = "Codeforces344A", "Codeforces344A\Codeforces344A.csproj", "{424B5989-5818-44A8-8DA2-A41A8C53F31D}"
EndProject
Project("{9A19103F-16F7-4668-BE54-9A1E7A4F7556}") = "Codeforces579A", "Codeforces579A\Codeforces579A.csproj", "{BA285395-A874-42E7-A6BE-3D6AE89ABE5E}"
EndProject
Project("{9A19103F-16F7-4668-BE54-9A1E7A4F7556}") = "Codeforces1A", "Codeforces1A\Codeforces1A.csproj", "{1DE1A374-5354-40C3-876A-D8B6D07E06EA}"
EndProject
Project("{9A19103F-16F7-4668-BE54-9A1E7A4F7556}") = "Codeforces58A", "Codeforces58A\Codeforces58A.csproj", "{6B360760-5719-4C4B-8EC2-B517E7612D26}"
EndProject
Project("{9A19103F-16F7-4668-BE54-9A1E7A4F7556}") = "Codeforces510A", "Codeforces510A\Codeforces510A.csproj", "{F9DE63A8-3207-4A9C-A319-A08BDBDF02B7}"
EndProject
Project("{9A19103F-16F7-4668-BE54-9A1E7A4F7556}") = "Codeforces50A", "Codeforces50A\Codeforces50A.csproj", "{2B88E0E9-DB7C-464F-9104-EFB16FA62C87}"
EndProject
Project("{9A19103F-16F7-4668-BE54-9A1E7A4F7556}") = "Codeforces486A", "Codeforces486A\Codeforces486A.csproj", "{4E44F528-1A4A-4CBE-AE69-422A1508EB2D}"
EndProject
Project("{9A19103F-16F7-4668-BE54-9A1E7A4F7556}") = "Codeforces581A", "Codeforces581A\Codeforces581A.csproj", "{A15495D9-115F-4C1C-9EF4-A4489AA77356}"
EndProject
Project("{9A19103F-16F7-4668-BE54-9A1E7A4F7556}") = "Codeforces703A", "Codeforces703A\Codeforces703A.csproj", "{0FAC995D-D591-48A8-AD08-A5BEC82D3DBF}"
EndProject
Project("{9A19103F-16F7-4668-BE54-9A1E7A4F7556}") = "Codeforces723A", "Codeforces723A\Codeforces723A.csproj", "{78D3DC5C-A5FF-402F-80E0-90D36581F048}"
EndProject
Project("{9A19103F-16F7-4668-BE54-9A1E7A4F7556}") = "Codeforces705A", "Codeforces705A\Codeforces705A.csproj", "{CDA59BDF-8F79-47CB-B19B-3411E7204C4E}"
EndProject
Global
	GlobalSection(SolutionConfigurationPlatforms) = preSolution
		Debug|Any CPU = Debug|Any CPU
		Release|Any CPU = Release|Any CPU
	EndGlobalSection
	GlobalSection(ProjectConfigurationPlatforms) = postSolution
		{3EAA540D-B5FA-43B5-B180-4B52B56FCD7C}.Debug|Any CPU.ActiveCfg = Debug|Any CPU
		{3EAA540D-B5FA-43B5-B180-4B52B56FCD7C}.Debug|Any CPU.Build.0 = Debug|Any CPU
		{3EAA540D-B5FA-43B5-B180-4B52B56FCD7C}.Release|Any CPU.ActiveCfg = Release|Any CPU
		{3EAA540D-B5FA-43B5-B180-4B52B56FCD7C}.Release|Any CPU.Build.0 = Release|Any CPU
		{77513C25-7054-4314-9CFF-2051B57108B6}.Debug|Any CPU.ActiveCfg = Debug|Any CPU
		{77513C25-7054-4314-9CFF-2051B57108B6}.Debug|Any CPU.Build.0 = Debug|Any CPU
		{77513C25-7054-4314-9CFF-2051B57108B6}.Release|Any CPU.ActiveCfg = Release|Any CPU
		{77513C25-7054-4314-9CFF-2051B57108B6}.Release|Any CPU.Build.0 = Release|Any CPU
		{48CD6A91-F7DB-4B20-8479-FA62C9DE5D0F}.Debug|Any CPU.ActiveCfg = Debug|Any CPU
		{48CD6A91-F7DB-4B20-8479-FA62C9DE5D0F}.Debug|Any CPU.Build.0 = Debug|Any CPU
		{48CD6A91-F7DB-4B20-8479-FA62C9DE5D0F}.Release|Any CPU.ActiveCfg = Release|Any CPU
		{48CD6A91-F7DB-4B20-8479-FA62C9DE5D0F}.Release|Any CPU.Build.0 = Release|Any CPU
		{0B88CCBE-809B-4237-990A-6A6E96AF46FD}.Debug|Any CPU.ActiveCfg = Debug|Any CPU
		{0B88CCBE-809B-4237-990A-6A6E96AF46FD}.Debug|Any CPU.Build.0 = Debug|Any CPU
		{0B88CCBE-809B-4237-990A-6A6E96AF46FD}.Release|Any CPU.ActiveCfg = Release|Any CPU
		{0B88CCBE-809B-4237-990A-6A6E96AF46FD}.Release|Any CPU.Build.0 = Release|Any CPU
		{AC88C044-8DD5-4785-ADEF-80B25F08F2B4}.Debug|Any CPU.ActiveCfg = Debug|Any CPU
		{AC88C044-8DD5-4785-ADEF-80B25F08F2B4}.Debug|Any CPU.Build.0 = Debug|Any CPU
		{AC88C044-8DD5-4785-ADEF-80B25F08F2B4}.Release|Any CPU.ActiveCfg = Release|Any CPU
		{AC88C044-8DD5-4785-ADEF-80B25F08F2B4}.Release|Any CPU.Build.0 = Release|Any CPU
		{8403B1E5-6928-4643-9AF5-8DFB7C09F4AC}.Debug|Any CPU.ActiveCfg = Debug|Any CPU
		{8403B1E5-6928-4643-9AF5-8DFB7C09F4AC}.Debug|Any CPU.Build.0 = Debug|Any CPU
		{8403B1E5-6928-4643-9AF5-8DFB7C09F4AC}.Release|Any CPU.ActiveCfg = Release|Any CPU
		{8403B1E5-6928-4643-9AF5-8DFB7C09F4AC}.Release|Any CPU.Build.0 = Release|Any CPU
		{37DECA7F-B3B0-4BAE-96E0-3C99B256C9D6}.Debug|Any CPU.ActiveCfg = Debug|Any CPU
		{37DECA7F-B3B0-4BAE-96E0-3C99B256C9D6}.Debug|Any CPU.Build.0 = Debug|Any CPU
		{37DECA7F-B3B0-4BAE-96E0-3C99B256C9D6}.Release|Any CPU.ActiveCfg = Release|Any CPU
		{37DECA7F-B3B0-4BAE-96E0-3C99B256C9D6}.Release|Any CPU.Build.0 = Release|Any CPU
		{DC1B2F98-350D-404F-AB1E-1C0EF8E81CC5}.Debug|Any CPU.ActiveCfg = Debug|Any CPU
		{DC1B2F98-350D-404F-AB1E-1C0EF8E81CC5}.Debug|Any CPU.Build.0 = Debug|Any CPU
		{DC1B2F98-350D-404F-AB1E-1C0EF8E81CC5}.Release|Any CPU.ActiveCfg = Release|Any CPU
		{DC1B2F98-350D-404F-AB1E-1C0EF8E81CC5}.Release|Any CPU.Build.0 = Release|Any CPU
		{1A83D4DC-27BA-4F1F-A050-25FAF436717A}.Debug|Any CPU.ActiveCfg = Debug|Any CPU
		{1A83D4DC-27BA-4F1F-A050-25FAF436717A}.Debug|Any CPU.Build.0 = Debug|Any CPU
		{1A83D4DC-27BA-4F1F-A050-25FAF436717A}.Release|Any CPU.ActiveCfg = Release|Any CPU
		{1A83D4DC-27BA-4F1F-A050-25FAF436717A}.Release|Any CPU.Build.0 = Release|Any CPU
		{DF7C02F0-0B41-4416-999C-EC8F7383F76C}.Debug|Any CPU.ActiveCfg = Debug|Any CPU
		{DF7C02F0-0B41-4416-999C-EC8F7383F76C}.Debug|Any CPU.Build.0 = Debug|Any CPU
		{DF7C02F0-0B41-4416-999C-EC8F7383F76C}.Release|Any CPU.ActiveCfg = Release|Any CPU
		{DF7C02F0-0B41-4416-999C-EC8F7383F76C}.Release|Any CPU.Build.0 = Release|Any CPU
		{8DFB0996-C479-4D85-89F4-1B31B27C81E7}.Debug|Any CPU.ActiveCfg = Debug|Any CPU
		{8DFB0996-C479-4D85-89F4-1B31B27C81E7}.Debug|Any CPU.Build.0 = Debug|Any CPU
		{8DFB0996-C479-4D85-89F4-1B31B27C81E7}.Release|Any CPU.ActiveCfg = Release|Any CPU
		{8DFB0996-C479-4D85-89F4-1B31B27C81E7}.Release|Any CPU.Build.0 = Release|Any CPU
		{64F6A7C9-242C-49E6-AE8B-66B6F895A382}.Debug|Any CPU.ActiveCfg = Debug|Any CPU
		{64F6A7C9-242C-49E6-AE8B-66B6F895A382}.Debug|Any CPU.Build.0 = Debug|Any CPU
		{64F6A7C9-242C-49E6-AE8B-66B6F895A382}.Release|Any CPU.ActiveCfg = Release|Any CPU
		{64F6A7C9-242C-49E6-AE8B-66B6F895A382}.Release|Any CPU.Build.0 = Release|Any CPU
		{5537C33E-A4D8-4C31-A0B7-9CE6A7FE84B2}.Debug|Any CPU.ActiveCfg = Debug|Any CPU
		{5537C33E-A4D8-4C31-A0B7-9CE6A7FE84B2}.Debug|Any CPU.Build.0 = Debug|Any CPU
		{5537C33E-A4D8-4C31-A0B7-9CE6A7FE84B2}.Release|Any CPU.ActiveCfg = Release|Any CPU
		{5537C33E-A4D8-4C31-A0B7-9CE6A7FE84B2}.Release|Any CPU.Build.0 = Release|Any CPU
		{E323153B-C9FA-4D43-9CC9-CA0615F1EBDE}.Debug|Any CPU.ActiveCfg = Debug|Any CPU
		{E323153B-C9FA-4D43-9CC9-CA0615F1EBDE}.Debug|Any CPU.Build.0 = Debug|Any CPU
		{E323153B-C9FA-4D43-9CC9-CA0615F1EBDE}.Release|Any CPU.ActiveCfg = Release|Any CPU
		{E323153B-C9FA-4D43-9CC9-CA0615F1EBDE}.Release|Any CPU.Build.0 = Release|Any CPU
		{823BFC1A-6C69-4F54-95B1-D3CB9D07886B}.Debug|Any CPU.ActiveCfg = Debug|Any CPU
		{823BFC1A-6C69-4F54-95B1-D3CB9D07886B}.Debug|Any CPU.Build.0 = Debug|Any CPU
		{823BFC1A-6C69-4F54-95B1-D3CB9D07886B}.Release|Any CPU.ActiveCfg = Release|Any CPU
		{823BFC1A-6C69-4F54-95B1-D3CB9D07886B}.Release|Any CPU.Build.0 = Release|Any CPU
		{0F8708F1-8254-4D18-9FE4-4872338D8EBE}.Debug|Any CPU.ActiveCfg = Debug|Any CPU
		{0F8708F1-8254-4D18-9FE4-4872338D8EBE}.Debug|Any CPU.Build.0 = Debug|Any CPU
		{0F8708F1-8254-4D18-9FE4-4872338D8EBE}.Release|Any CPU.ActiveCfg = Release|Any CPU
		{0F8708F1-8254-4D18-9FE4-4872338D8EBE}.Release|Any CPU.Build.0 = Release|Any CPU
		{2722FA6E-FD00-4209-A37A-6A0661486066}.Debug|Any CPU.ActiveCfg = Debug|Any CPU
		{2722FA6E-FD00-4209-A37A-6A0661486066}.Debug|Any CPU.Build.0 = Debug|Any CPU
		{2722FA6E-FD00-4209-A37A-6A0661486066}.Release|Any CPU.ActiveCfg = Release|Any CPU
		{2722FA6E-FD00-4209-A37A-6A0661486066}.Release|Any CPU.Build.0 = Release|Any CPU
		{D46AF29A-BAD2-41CB-9941-A547CEF5E2E7}.Debug|Any CPU.ActiveCfg = Debug|Any CPU
		{D46AF29A-BAD2-41CB-9941-A547CEF5E2E7}.Debug|Any CPU.Build.0 = Debug|Any CPU
		{D46AF29A-BAD2-41CB-9941-A547CEF5E2E7}.Release|Any CPU.ActiveCfg = Release|Any CPU
		{D46AF29A-BAD2-41CB-9941-A547CEF5E2E7}.Release|Any CPU.Build.0 = Release|Any CPU
		{FB480E67-2B7A-4411-9F4A-36BAA9422A97}.Debug|Any CPU.ActiveCfg = Debug|Any CPU
		{FB480E67-2B7A-4411-9F4A-36BAA9422A97}.Debug|Any CPU.Build.0 = Debug|Any CPU
		{FB480E67-2B7A-4411-9F4A-36BAA9422A97}.Release|Any CPU.ActiveCfg = Release|Any CPU
		{FB480E67-2B7A-4411-9F4A-36BAA9422A97}.Release|Any CPU.Build.0 = Release|Any CPU
		{741753AF-C98C-4237-A611-2E75BBB4ED0A}.Debug|Any CPU.ActiveCfg = Debug|Any CPU
		{741753AF-C98C-4237-A611-2E75BBB4ED0A}.Debug|Any CPU.Build.0 = Debug|Any CPU
		{741753AF-C98C-4237-A611-2E75BBB4ED0A}.Release|Any CPU.ActiveCfg = Release|Any CPU
		{741753AF-C98C-4237-A611-2E75BBB4ED0A}.Release|Any CPU.Build.0 = Release|Any CPU
		{CE7ADBA9-13FA-4C7F-BF5B-1E53FC8CD317}.Debug|Any CPU.ActiveCfg = Debug|Any CPU
		{CE7ADBA9-13FA-4C7F-BF5B-1E53FC8CD317}.Debug|Any CPU.Build.0 = Debug|Any CPU
		{CE7ADBA9-13FA-4C7F-BF5B-1E53FC8CD317}.Release|Any CPU.ActiveCfg = Release|Any CPU
		{CE7ADBA9-13FA-4C7F-BF5B-1E53FC8CD317}.Release|Any CPU.Build.0 = Release|Any CPU
		{FA2C447B-154C-4000-9615-735A61F2ABE4}.Debug|Any CPU.ActiveCfg = Debug|Any CPU
		{FA2C447B-154C-4000-9615-735A61F2ABE4}.Debug|Any CPU.Build.0 = Debug|Any CPU
		{FA2C447B-154C-4000-9615-735A61F2ABE4}.Release|Any CPU.ActiveCfg = Release|Any CPU
		{FA2C447B-154C-4000-9615-735A61F2ABE4}.Release|Any CPU.Build.0 = Release|Any CPU
		{EE7DED9F-5972-4D4D-874F-DFBFC580797B}.Debug|Any CPU.ActiveCfg = Debug|Any CPU
		{EE7DED9F-5972-4D4D-874F-DFBFC580797B}.Debug|Any CPU.Build.0 = Debug|Any CPU
		{EE7DED9F-5972-4D4D-874F-DFBFC580797B}.Release|Any CPU.ActiveCfg = Release|Any CPU
		{EE7DED9F-5972-4D4D-874F-DFBFC580797B}.Release|Any CPU.Build.0 = Release|Any CPU
		{31F76BBA-321E-46C2-A483-26D8D2F3B828}.Debug|Any CPU.ActiveCfg = Debug|Any CPU
		{31F76BBA-321E-46C2-A483-26D8D2F3B828}.Debug|Any CPU.Build.0 = Debug|Any CPU
		{31F76BBA-321E-46C2-A483-26D8D2F3B828}.Release|Any CPU.ActiveCfg = Release|Any CPU
		{31F76BBA-321E-46C2-A483-26D8D2F3B828}.Release|Any CPU.Build.0 = Release|Any CPU
		{525738AB-D273-4357-AEA6-8D7A2295ECD7}.Debug|Any CPU.ActiveCfg = Debug|Any CPU
		{525738AB-D273-4357-AEA6-8D7A2295ECD7}.Debug|Any CPU.Build.0 = Debug|Any CPU
		{525738AB-D273-4357-AEA6-8D7A2295ECD7}.Release|Any CPU.ActiveCfg = Release|Any CPU
		{525738AB-D273-4357-AEA6-8D7A2295ECD7}.Release|Any CPU.Build.0 = Release|Any CPU
		{EEBFB550-FA5C-40E2-A44C-198F07B8875E}.Debug|Any CPU.ActiveCfg = Debug|Any CPU
		{EEBFB550-FA5C-40E2-A44C-198F07B8875E}.Debug|Any CPU.Build.0 = Debug|Any CPU
		{EEBFB550-FA5C-40E2-A44C-198F07B8875E}.Release|Any CPU.ActiveCfg = Release|Any CPU
		{EEBFB550-FA5C-40E2-A44C-198F07B8875E}.Release|Any CPU.Build.0 = Release|Any CPU
		{D9228D58-ADE2-40D2-BD19-B0AE616581F8}.Debug|Any CPU.ActiveCfg = Debug|Any CPU
		{D9228D58-ADE2-40D2-BD19-B0AE616581F8}.Debug|Any CPU.Build.0 = Debug|Any CPU
		{D9228D58-ADE2-40D2-BD19-B0AE616581F8}.Release|Any CPU.ActiveCfg = Release|Any CPU
		{D9228D58-ADE2-40D2-BD19-B0AE616581F8}.Release|Any CPU.Build.0 = Release|Any CPU
		{424B5989-5818-44A8-8DA2-A41A8C53F31D}.Debug|Any CPU.ActiveCfg = Debug|Any CPU
		{424B5989-5818-44A8-8DA2-A41A8C53F31D}.Debug|Any CPU.Build.0 = Debug|Any CPU
		{424B5989-5818-44A8-8DA2-A41A8C53F31D}.Release|Any CPU.ActiveCfg = Release|Any CPU
		{424B5989-5818-44A8-8DA2-A41A8C53F31D}.Release|Any CPU.Build.0 = Release|Any CPU
		{BA285395-A874-42E7-A6BE-3D6AE89ABE5E}.Debug|Any CPU.ActiveCfg = Debug|Any CPU
		{BA285395-A874-42E7-A6BE-3D6AE89ABE5E}.Debug|Any CPU.Build.0 = Debug|Any CPU
		{BA285395-A874-42E7-A6BE-3D6AE89ABE5E}.Release|Any CPU.ActiveCfg = Release|Any CPU
		{BA285395-A874-42E7-A6BE-3D6AE89ABE5E}.Release|Any CPU.Build.0 = Release|Any CPU
		{1DE1A374-5354-40C3-876A-D8B6D07E06EA}.Debug|Any CPU.ActiveCfg = Debug|Any CPU
		{1DE1A374-5354-40C3-876A-D8B6D07E06EA}.Debug|Any CPU.Build.0 = Debug|Any CPU
		{1DE1A374-5354-40C3-876A-D8B6D07E06EA}.Release|Any CPU.ActiveCfg = Release|Any CPU
		{1DE1A374-5354-40C3-876A-D8B6D07E06EA}.Release|Any CPU.Build.0 = Release|Any CPU
		{6B360760-5719-4C4B-8EC2-B517E7612D26}.Debug|Any CPU.ActiveCfg = Debug|Any CPU
		{6B360760-5719-4C4B-8EC2-B517E7612D26}.Debug|Any CPU.Build.0 = Debug|Any CPU
		{6B360760-5719-4C4B-8EC2-B517E7612D26}.Release|Any CPU.ActiveCfg = Release|Any CPU
		{6B360760-5719-4C4B-8EC2-B517E7612D26}.Release|Any CPU.Build.0 = Release|Any CPU
		{F9DE63A8-3207-4A9C-A319-A08BDBDF02B7}.Debug|Any CPU.ActiveCfg = Debug|Any CPU
		{F9DE63A8-3207-4A9C-A319-A08BDBDF02B7}.Debug|Any CPU.Build.0 = Debug|Any CPU
		{F9DE63A8-3207-4A9C-A319-A08BDBDF02B7}.Release|Any CPU.ActiveCfg = Release|Any CPU
		{F9DE63A8-3207-4A9C-A319-A08BDBDF02B7}.Release|Any CPU.Build.0 = Release|Any CPU
		{2B88E0E9-DB7C-464F-9104-EFB16FA62C87}.Debug|Any CPU.ActiveCfg = Debug|Any CPU
		{2B88E0E9-DB7C-464F-9104-EFB16FA62C87}.Debug|Any CPU.Build.0 = Debug|Any CPU
		{2B88E0E9-DB7C-464F-9104-EFB16FA62C87}.Release|Any CPU.ActiveCfg = Release|Any CPU
		{2B88E0E9-DB7C-464F-9104-EFB16FA62C87}.Release|Any CPU.Build.0 = Release|Any CPU
		{4E44F528-1A4A-4CBE-AE69-422A1508EB2D}.Debug|Any CPU.ActiveCfg = Debug|Any CPU
		{4E44F528-1A4A-4CBE-AE69-422A1508EB2D}.Debug|Any CPU.Build.0 = Debug|Any CPU
		{4E44F528-1A4A-4CBE-AE69-422A1508EB2D}.Release|Any CPU.ActiveCfg = Release|Any CPU
		{4E44F528-1A4A-4CBE-AE69-422A1508EB2D}.Release|Any CPU.Build.0 = Release|Any CPU
		{A15495D9-115F-4C1C-9EF4-A4489AA77356}.Debug|Any CPU.ActiveCfg = Debug|Any CPU
		{A15495D9-115F-4C1C-9EF4-A4489AA77356}.Debug|Any CPU.Build.0 = Debug|Any CPU
		{A15495D9-115F-4C1C-9EF4-A4489AA77356}.Release|Any CPU.ActiveCfg = Release|Any CPU
		{A15495D9-115F-4C1C-9EF4-A4489AA77356}.Release|Any CPU.Build.0 = Release|Any CPU
		{0FAC995D-D591-48A8-AD08-A5BEC82D3DBF}.Debug|Any CPU.ActiveCfg = Debug|Any CPU
		{0FAC995D-D591-48A8-AD08-A5BEC82D3DBF}.Debug|Any CPU.Build.0 = Debug|Any CPU
		{0FAC995D-D591-48A8-AD08-A5BEC82D3DBF}.Release|Any CPU.ActiveCfg = Release|Any CPU
		{0FAC995D-D591-48A8-AD08-A5BEC82D3DBF}.Release|Any CPU.Build.0 = Release|Any CPU
		{78D3DC5C-A5FF-402F-80E0-90D36581F048}.Debug|Any CPU.ActiveCfg = Debug|Any CPU
		{78D3DC5C-A5FF-402F-80E0-90D36581F048}.Debug|Any CPU.Build.0 = Debug|Any CPU
		{78D3DC5C-A5FF-402F-80E0-90D36581F048}.Release|Any CPU.ActiveCfg = Release|Any CPU
		{78D3DC5C-A5FF-402F-80E0-90D36581F048}.Release|Any CPU.Build.0 = Release|Any CPU
		{CDA59BDF-8F79-47CB-B19B-3411E7204C4E}.Debug|Any CPU.ActiveCfg = Debug|Any CPU
		{CDA59BDF-8F79-47CB-B19B-3411E7204C4E}.Debug|Any CPU.Build.0 = Debug|Any CPU
		{CDA59BDF-8F79-47CB-B19B-3411E7204C4E}.Release|Any CPU.ActiveCfg = Release|Any CPU
		{CDA59BDF-8F79-47CB-B19B-3411E7204C4E}.Release|Any CPU.Build.0 = Release|Any CPU
	EndGlobalSection
	GlobalSection(SolutionProperties) = preSolution
		HideSolutionNode = FALSE
	EndGlobalSection
	GlobalSection(ExtensibilityGlobals) = postSolution
		SolutionGuid = {EA15B7C3-A0B5-4F1B-ABE6-A7EE10883263}
	EndGlobalSection
EndGlobal
